
Microsoft Visual Studio Solution File, Format Version 12.00
# Visual Studio Version 17
VisualStudioVersion = 17.6.33723.286
MinimumVisualStudioVersion = 10.0.40219.1
Project("{FAE04EC0-301F-11D3-BF4B-00C04F79EFBC}") = "MCManager", "MCManager.csproj", "{C0C77C7A-4D0C-4C06-ADCA-1484646457FB}"
EndProject
Global
	GlobalSection(SolutionConfigurationPlatforms) = preSolution
		Debug|Any CPU = Debug|Any CPU
		Release|Any CPU = Release|Any CPU
	EndGlobalSection
	GlobalSection(ProjectConfigurationPlatforms) = postSolution
		{C0C77C7A-4D0C-4C06-ADCA-1484646457FB}.Debug|Any CPU.ActiveCfg = Debug|Any CPU
		{C0C77C7A-4D0C-4C06-ADCA-1484646457FB}.Debug|Any CPU.Build.0 = Debug|Any CPU
		{C0C77C7A-4D0C-4C06-ADCA-1484646457FB}.Release|Any CPU.ActiveCfg = Release|Any CPU
		{C0C77C7A-4D0C-4C06-ADCA-1484646457FB}.Release|Any CPU.Build.0 = Release|Any CPU
	EndGlobalSection
	GlobalSection(SolutionProperties) = preSolution
		HideSolutionNode = FALSE
	EndGlobalSection
	GlobalSection(ExtensibilityGlobals) = postSolution
		SolutionGuid = {670A6A92-787B-4B61-A55C-E1A964197BEC}
	EndGlobalSection
EndGlobal
